
Microsoft Visual Studio Solution File, Format Version 12.00
# Visual Studio Version 16
VisualStudioVersion = 16.0.29905.134
MinimumVisualStudioVersion = 10.0.40219.1
Project("{9A19103F-16F7-4668-BE54-9A1E7A4F7556}") = "DatingApp.API", "DatingApp.API.csproj", "{E9D1BEA8-2857-4177-B2EE-A9D263ECA931}"
EndProject
Global
	GlobalSection(SolutionConfigurationPlatforms) = preSolution
		Debug|Any CPU = Debug|Any CPU
		Release|Any CPU = Release|Any CPU
	EndGlobalSection
	GlobalSection(ProjectConfigurationPlatforms) = postSolution
		{E9D1BEA8-2857-4177-B2EE-A9D263ECA931}.Debug|Any CPU.ActiveCfg = Debug|Any CPU
		{E9D1BEA8-2857-4177-B2EE-A9D263ECA931}.Debug|Any CPU.Build.0 = Debug|Any CPU
		{E9D1BEA8-2857-4177-B2EE-A9D263ECA931}.Release|Any CPU.ActiveCfg = Release|Any CPU
		{E9D1BEA8-2857-4177-B2EE-A9D263ECA931}.Release|Any CPU.Build.0 = Release|Any CPU
	EndGlobalSection
	GlobalSection(SolutionProperties) = preSolution
		HideSolutionNode = FALSE
	EndGlobalSection
	GlobalSection(ExtensibilityGlobals) = postSolution
		SolutionGuid = {F5E4964E-8CB6-4937-B264-3EC5F33D3A3C}
	EndGlobalSection
EndGlobal
